%{
  "certifi": {:hex, :certifi, "2.3.1", "d0f424232390bf47d82da8478022301c561cf6445b5b5fb6a84d49a9e76d2639", [], [{:parse_trans, "3.2.0", [hex: :parse_trans, repo: "hexpm", optional: false]}], "hexpm"},
  "floki": {:hex, :floki, "0.20.3", "dfb3a71eb99938e330b4156433d55c6d0b188d936c9683d115a8540bac56e019", [], [{:html_entities, "~> 0.4.0", [hex: :html_entities, repo: "hexpm", optional: false]}, {:mochiweb, "~> 2.15", [hex: :mochiweb, repo: "hexpm", optional: false]}], "hexpm"},
  "hackney": {:hex, :hackney, "1.13.0", "24edc8cd2b28e1c652593833862435c80661834f6c9344e84b6a2255e7aeef03", [], [{:certifi, "2.3.1", [hex: :certifi, repo: "hexpm", optional: false]}, {:idna, "5.1.2", [hex: :idna, repo: "hexpm", optional: false]}, {:metrics, "1.0.1", [hex: :metrics, repo: "hexpm", optional: false]}, {:mimerl, "1.0.2", [hex: :mimerl, repo: "hexpm", optional: false]}, {:ssl_verify_fun, "1.1.1", [hex: :ssl_verify_fun, repo: "hexpm", optional: false]}], "hexpm"},
  "html_entities": {:hex, :html_entities, "0.4.0", "f2fee876858cf6aaa9db608820a3209e45a087c5177332799592142b50e89a6b", [], [], "hexpm"},
  "httpoison": {:hex, :httpoison, "1.2.0", "2702ed3da5fd7a8130fc34b11965c8cfa21ade2f232c00b42d96d4967c39a3a3", [], [{:hackney, "~> 1.8", [hex: :hackney, repo: "hexpm", optional: false]}], "hexpm"},
  "idna": {:hex, :idna, "5.1.2", "e21cb58a09f0228a9e0b95eaa1217f1bcfc31a1aaa6e1fdf2f53a33f7dbd9494", [], [{:unicode_util_compat, "0.3.1", [hex: :unicode_util_compat, repo: "hexpm", optional: false]}], "hexpm"},
  "meck": {:hex, :meck, "0.8.10", "455aaef8403be46752272206613e7a15467c014d40994b22fb54cde4d1ff7075", [], [], "hexpm"},
  "meeseeks": {:hex, :meeseeks, "0.9.5", "d9c024babd18211cb345d2be25312ded3e74aaf6b11f80fb83059ab7d51eba36", [], [{:meeseeks_html5ever, "~> 0.9.0", [hex: :meeseeks_html5ever, repo: "hexpm", optional: false]}], "hexpm"},
  "meeseeks_html5ever": {:hex, :meeseeks_html5ever, "0.9.0", "18f62516d4b026b736dc389bf507b7fa90b49a1f4a2729a3cf6a4a1482007328", [], [{:rustler, "~> 0.16", [hex: :rustler, repo: "hexpm", optional: false]}], "hexpm"},
  "metrics": {:hex, :metrics, "1.0.1", "25f094dea2cda98213cecc3aeff09e940299d950904393b2a29d191c346a8486", [], [], "hexpm"},
  "mimerl": {:hex, :mimerl, "1.0.2", "993f9b0e084083405ed8252b99460c4f0563e41729ab42d9074fd5e52439be88", [], [], "hexpm"},
  "mochiweb": {:hex, :mochiweb, "2.15.0", "e1daac474df07651e5d17cc1e642c4069c7850dc4508d3db7263a0651330aacc", [], [], "hexpm"},
  "mock": {:hex, :mock, "0.3.1", "994f00150f79a0ea50dc9d86134cd9ebd0d177ad60bd04d1e46336cdfdb98ff9", [], [{:meck, "~> 0.8.8", [hex: :meck, repo: "hexpm", optional: false]}], "hexpm"},
  "parse_trans": {:hex, :parse_trans, "3.2.0", "2adfa4daf80c14dc36f522cf190eb5c4ee3e28008fc6394397c16f62a26258c2", [], [], "hexpm"},
  "rustler": {:hex, :rustler, "0.17.1", "2b4f120daf411b4eebd8cad6cb68f7d519dc409ca9e70daa8856d1d37b13e203", [], [], "hexpm"},
  "ssl_verify_fun": {:hex, :ssl_verify_fun, "1.1.1", "28a4d65b7f59893bc2c7de786dec1e1555bd742d336043fe644ae956c3497fbe", [], [], "hexpm"},
  "unicode_util_compat": {:hex, :unicode_util_compat, "0.3.1", "a1f612a7b512638634a603c8f401892afbf99b8ce93a45041f8aaca99cadb85e", [], [], "hexpm"},
}
